
Microsoft Visual Studio Solution File, Format Version 11.00
# Visual C++ Express 2010
Project("{8BC9CEB8-8B4A-11D0-8D11-00A0C91BC942}") = "heap", "heap.vcxproj", "{48BBEB62-098E-4818-83D7-FC69C087D540}"
EndProject
Global
	GlobalSection(SolutionConfigurationPlatforms) = preSolution
		Debug|Win32 = Debug|Win32
		Release|Win32 = Release|Win32
	EndGlobalSection
	GlobalSection(ProjectConfigurationPlatforms) = postSolution
		{48BBEB62-098E-4818-83D7-FC69C087D540}.Debug|Win32.ActiveCfg = Debug|Win32
		{48BBEB62-098E-4818-83D7-FC69C087D540}.Debug|Win32.Build.0 = Debug|Win32
		{48BBEB62-098E-4818-83D7-FC69C087D540}.Release|Win32.ActiveCfg = Release|Win32
		{48BBEB62-098E-4818-83D7-FC69C087D540}.Release|Win32.Build.0 = Release|Win32
	EndGlobalSection
	GlobalSection(SolutionProperties) = preSolution
		HideSolutionNode = FALSE
	EndGlobalSection
EndGlobal
